{
  "name": "aa-search",
  "version": "0.0.1",
  "lockfileVersion": 2,
  "requires": true,
  "packages": {
    "": {
      "version": "0.0.1",
      "dependencies": {
        "bootstrap": "^4.5.3",
        "tslib": "^2.0.0"
      },
      "peerDependencies": {
        "@angular/common": "^11.0.0",
        "@angular/core": "^11.0.0",
        "@angular/forms": "^11.0.0",
        "ngx-bootstrap": "^6.2.0"
      }
    },
    "node_modules/@angular/common": {
      "version": "11.0.0",
      "resolved": "https://registry.npmjs.org/@angular/common/-/common-11.0.0.tgz",
      "integrity": "sha512-chlbtxR7jpPs3Rc1ymdp3UfUzqEr57OFIxVMG6hROODclPQQk/7oOHdQB4hpUObaF9y4ZTLeKHKWiR/twi21Pg==",
      "peer": true,
      "dependencies": {
        "tslib": "^2.0.0"
      },
      "peerDependencies": {
        "@angular/core": "11.0.0",
        "rxjs": "^6.5.3"
      }
    },
    "node_modules/@angular/core": {
      "version": "11.0.0",
      "resolved": "https://registry.npmjs.org/@angular/core/-/core-11.0.0.tgz",
      "integrity": "sha512-FNewyMwYy+kGdw1xWfrtaPD2cSQs3kDVFbl8mNMSzp933W5yMsHDvjXb0+nPFqEb8ywEIdm3MsBMK0y3iBWZQw==",
      "peer": true,
      "dependencies": {
        "tslib": "^2.0.0"
      },
      "peerDependencies": {
        "rxjs": "^6.5.3",
        "zone.js": "~0.10.3"
      }
    },
    "node_modules/@angular/forms": {
      "version": "11.0.0",
      "resolved": "https://registry.npmjs.org/@angular/forms/-/forms-11.0.0.tgz",
      "integrity": "sha512-hP6GF1ZkxKQp7Y+EVbEe9PPDQPrUQNdfVxphCWQYwu3tm8+tn1r91KVXkp2MA3M4Fh6Xo2HQEU2d+VXv4w0iNQ==",
      "peer": true,
      "dependencies": {
        "tslib": "^2.0.0"
      },
      "peerDependencies": {
        "@angular/common": "11.0.0",
        "@angular/core": "11.0.0",
        "@angular/platform-browser": "11.0.0",
        "rxjs": "^6.5.3"
      }
    },
    "node_modules/@angular/platform-browser": {
      "version": "11.0.0",
      "resolved": "https://registry.npmjs.org/@angular/platform-browser/-/platform-browser-11.0.0.tgz",
      "integrity": "sha512-p8sF6JfaBI+YyLpp5OSg6UcCqjtLKRR+Otq1P/tro5SuxrsrBNRVU8j0tl/crkScsMwAvgmJ1joRyUKdI2mUGQ==",
      "peer": true,
      "dependencies": {
        "tslib": "^2.0.0"
      },
      "peerDependencies": {
        "@angular/animations": "11.0.0",
        "@angular/common": "11.0.0",
        "@angular/core": "11.0.0"
      },
      "peerDependenciesMeta": {
        "@angular/animations": {
          "optional": true
        }
      }
    },
    "node_modules/bootstrap": {
      "version": "4.5.3",
      "resolved": "https://registry.npmjs.org/bootstrap/-/bootstrap-4.5.3.tgz",
      "integrity": "sha512-o9ppKQioXGqhw8Z7mah6KdTYpNQY//tipnkxppWhPbiSWdD+1raYsnhwEZjkTHYbGee4cVQ0Rx65EhOY/HNLcQ==",
      "funding": {
        "type": "opencollective",
        "url": "https://opencollective.com/bootstrap"
      },
      "peerDependencies": {
        "jquery": "1.9.1 - 3",
        "popper.js": "^1.16.1"
      }
    },
    "node_modules/jquery": {
      "version": "3.5.1",
      "resolved": "https://registry.npmjs.org/jquery/-/jquery-3.5.1.tgz",
      "integrity": "sha512-XwIBPqcMn57FxfT+Go5pzySnm4KWkT1Tv7gjrpT1srtf8Weynl6R273VJ5GjkRb51IzMp5nbaPjJXMWeju2MKg==",
      "peer": true
    },
    "node_modules/ngx-bootstrap": {
      "version": "6.2.0",
      "resolved": "https://registry.npmjs.org/ngx-bootstrap/-/ngx-bootstrap-6.2.0.tgz",
      "integrity": "sha512-5WKHo6/ltkenw4UyXZwED8rODCgp2RGbWurzYzZsF/gH1JO5SN7TJ+AL6kXYk6XM42sDA2WhN9Db+ZPNjiyHnA==",
      "peer": true,
      "peerDependencies": {
        "@angular/common": ">=7.0.0",
        "@angular/core": ">=7.0.0"
      }
    },
    "node_modules/popper.js": {
      "version": "1.16.1",
      "resolved": "https://registry.npmjs.org/popper.js/-/popper.js-1.16.1.tgz",
      "integrity": "sha512-Wb4p1J4zyFTbM+u6WuO4XstYx4Ky9Cewe4DWrel7B0w6VVICvPwdOpotjzcf6eD8TsckVnIMNONQyPIUFOUbCQ==",
      "deprecated": "You can find the new Popper v2 at @popperjs/core, this package is dedicated to the legacy v1",
      "peer": true,
      "funding": {
        "type": "opencollective",
        "url": "https://opencollective.com/popperjs"
      }
    },
    "node_modules/rxjs": {
      "version": "6.6.3",
      "resolved": "https://registry.npmjs.org/rxjs/-/rxjs-6.6.3.tgz",
      "integrity": "sha512-trsQc+xYYXZ3urjOiJOuCOa5N3jAZ3eiSpQB5hIT8zGlL2QfnHLJ2r7GMkBGuIausdJN1OneaI6gQlsqNHHmZQ==",
      "peer": true,
      "dependencies": {
        "tslib": "^1.9.0"
      },
      "engines": {
        "npm": ">=2.0.0"
      }
    },
    "node_modules/rxjs/node_modules/tslib": {
      "version": "1.14.1",
      "resolved": "https://registry.npmjs.org/tslib/-/tslib-1.14.1.tgz",
      "integrity": "sha512-Xni35NKzjgMrwevysHTCArtLDpPvye8zV/0E4EyYn43P7/7qvQwPh9BGkHewbMulVntbigmcT7rdX3BNo9wRJg==",
      "peer": true
    },
    "node_modules/tslib": {
      "version": "2.0.3",
      "resolved": "https://registry.npmjs.org/tslib/-/tslib-2.0.3.tgz",
      "integrity": "sha512-uZtkfKblCEQtZKBF6EBXVZeQNl82yqtDQdv+eck8u7tdPxjLu2/lp5/uPW+um2tpuxINHWy3GhiccY7QgEaVHQ=="
    },
    "node_modules/zone.js": {
      "version": "0.10.3",
      "resolved": "https://registry.npmjs.org/zone.js/-/zone.js-0.10.3.tgz",
      "integrity": "sha512-LXVLVEq0NNOqK/fLJo3d0kfzd4sxwn2/h67/02pjCjfKDxgx1i9QqpvtHD8CrBnSSwMw5+dy11O7FRX5mkO7Cg==",
      "peer": true
    }
  },
  "dependencies": {
    "@angular/common": {
      "version": "11.0.0",
      "resolved": "https://registry.npmjs.org/@angular/common/-/common-11.0.0.tgz",
      "integrity": "sha512-chlbtxR7jpPs3Rc1ymdp3UfUzqEr57OFIxVMG6hROODclPQQk/7oOHdQB4hpUObaF9y4ZTLeKHKWiR/twi21Pg==",
      "peer": true,
      "requires": {
        "tslib": "^2.0.0"
      }
    },
    "@angular/core": {
      "version": "11.0.0",
      "resolved": "https://registry.npmjs.org/@angular/core/-/core-11.0.0.tgz",
      "integrity": "sha512-FNewyMwYy+kGdw1xWfrtaPD2cSQs3kDVFbl8mNMSzp933W5yMsHDvjXb0+nPFqEb8ywEIdm3MsBMK0y3iBWZQw==",
      "peer": true,
      "requires": {
        "tslib": "^2.0.0"
      }
    },
    "@angular/forms": {
      "version": "11.0.0",
      "resolved": "https://registry.npmjs.org/@angular/forms/-/forms-11.0.0.tgz",
      "integrity": "sha512-hP6GF1ZkxKQp7Y+EVbEe9PPDQPrUQNdfVxphCWQYwu3tm8+tn1r91KVXkp2MA3M4Fh6Xo2HQEU2d+VXv4w0iNQ==",
      "peer": true,
      "requires": {
        "tslib": "^2.0.0"
      }
    },
    "@angular/platform-browser": {
      "version": "11.0.0",
      "resolved": "https://registry.npmjs.org/@angular/platform-browser/-/platform-browser-11.0.0.tgz",
      "integrity": "sha512-p8sF6JfaBI+YyLpp5OSg6UcCqjtLKRR+Otq1P/tro5SuxrsrBNRVU8j0tl/crkScsMwAvgmJ1joRyUKdI2mUGQ==",
      "peer": true,
      "requires": {
        "tslib": "^2.0.0"
      }
    },
    "bootstrap": {
      "version": "4.5.3",
      "resolved": "https://registry.npmjs.org/bootstrap/-/bootstrap-4.5.3.tgz",
      "integrity": "sha512-o9ppKQioXGqhw8Z7mah6KdTYpNQY//tipnkxppWhPbiSWdD+1raYsnhwEZjkTHYbGee4cVQ0Rx65EhOY/HNLcQ==",
      "requires": {}
    },
    "jquery": {
      "version": "3.5.1",
      "resolved": "https://registry.npmjs.org/jquery/-/jquery-3.5.1.tgz",
      "integrity": "sha512-XwIBPqcMn57FxfT+Go5pzySnm4KWkT1Tv7gjrpT1srtf8Weynl6R273VJ5GjkRb51IzMp5nbaPjJXMWeju2MKg==",
      "peer": true
    },
    "ngx-bootstrap": {
      "version": "6.2.0",
      "resolved": "https://registry.npmjs.org/ngx-bootstrap/-/ngx-bootstrap-6.2.0.tgz",
      "integrity": "sha512-5WKHo6/ltkenw4UyXZwED8rODCgp2RGbWurzYzZsF/gH1JO5SN7TJ+AL6kXYk6XM42sDA2WhN9Db+ZPNjiyHnA==",
      "peer": true,
      "requires": {}
    },
    "popper.js": {
      "version": "1.16.1",
      "resolved": "https://registry.npmjs.org/popper.js/-/popper.js-1.16.1.tgz",
      "integrity": "sha512-Wb4p1J4zyFTbM+u6WuO4XstYx4Ky9Cewe4DWrel7B0w6VVICvPwdOpotjzcf6eD8TsckVnIMNONQyPIUFOUbCQ==",
      "peer": true
    },
    "rxjs": {
      "version": "6.6.3",
      "resolved": "https://registry.npmjs.org/rxjs/-/rxjs-6.6.3.tgz",
      "integrity": "sha512-trsQc+xYYXZ3urjOiJOuCOa5N3jAZ3eiSpQB5hIT8zGlL2QfnHLJ2r7GMkBGuIausdJN1OneaI6gQlsqNHHmZQ==",
      "peer": true,
      "requires": {
        "tslib": "^1.9.0"
      },
      "dependencies": {
        "tslib": {
          "version": "1.14.1",
          "resolved": "https://registry.npmjs.org/tslib/-/tslib-1.14.1.tgz",
          "integrity": "sha512-Xni35NKzjgMrwevysHTCArtLDpPvye8zV/0E4EyYn43P7/7qvQwPh9BGkHewbMulVntbigmcT7rdX3BNo9wRJg==",
          "peer": true
        }
      }
    },
    "tslib": {
      "version": "2.0.3",
      "resolved": "https://registry.npmjs.org/tslib/-/tslib-2.0.3.tgz",
      "integrity": "sha512-uZtkfKblCEQtZKBF6EBXVZeQNl82yqtDQdv+eck8u7tdPxjLu2/lp5/uPW+um2tpuxINHWy3GhiccY7QgEaVHQ=="
    },
    "zone.js": {
      "version": "0.10.3",
      "resolved": "https://registry.npmjs.org/zone.js/-/zone.js-0.10.3.tgz",
      "integrity": "sha512-LXVLVEq0NNOqK/fLJo3d0kfzd4sxwn2/h67/02pjCjfKDxgx1i9QqpvtHD8CrBnSSwMw5+dy11O7FRX5mkO7Cg==",
      "peer": true
    }
  }
}
